// !$*UTF8*$!
{
	archiveVersion = 1;
	classes = {
	};
	objectVersion = 77;
	objects = {

/* Begin PBXContainerItemProxy section */
		4F03A4A02DE8A0EF00D98EDF /* PBXContainerItemProxy */ = {
			isa = PBXContainerItemProxy;
			containerPortal = 4F03A48A2DE8A0EE00D98EDF /* Project object */;
			proxyType = 1;
			remoteGlobalIDString = 4F03A4912DE8A0EE00D98EDF;
			remoteInfo = Popmart;
		};
		4F03A4AA2DE8A0EF00D98EDF /* PBXContainerItemProxy */ = {
			isa = PBXContainerItemProxy;
			containerPortal = 4F03A48A2DE8A0EE00D98EDF /* Project object */;
			proxyType = 1;
			remoteGlobalIDString = 4F03A4912DE8A0EE00D98EDF;
			remoteInfo = Popmart;
		};
/* End PBXContainerItemProxy section */

/* Begin PBXFileReference section */
		4F03A4922DE8A0EE00D98EDF /* Popmart.app */ = {isa = PBXFileReference; explicitFileType = wrapper.application; includeInIndex = 0; path = Popmart.app; sourceTree = BUILT_PRODUCTS_DIR; };
		4F03A49F2DE8A0EF00D98EDF /* PopmartTests.xctest */ = {isa = PBXFileReference; explicitFileType = wrapper.cfbundle; includeInIndex = 0; path = PopmartTests.xctest; sourceTree = BUILT_PRODUCTS_DIR; };
		4F03A4A92DE8A0EF00D98EDF /* PopmartUITests.xctest */ = {isa = PBXFileReference; explicitFileType = wrapper.cfbundle; includeInIndex = 0; path = PopmartUITests.xctest; sourceTree = BUILT_PRODUCTS_DIR; };
/* End PBXFileReference section */

/* Begin PBXFileSystemSynchronizedRootGroup section */
		4F03A4942DE8A0EE00D98EDF /* Popmart */ = {
			isa = PBXFileSystemSynchronizedRootGroup;
			path = Popmart;
			sourceTree = "<group>";
		};
		4F03A4A22DE8A0EF00D98EDF /* PopmartTests */ = {
			isa = PBXFileSystemSynchronizedRootGroup;
			path = PopmartTests;
			sourceTree = "<group>";
		};
		4F03A4AC2DE8A0EF00D98EDF /* PopmartUITests */ = {
			isa = PBXFileSystemSynchronizedRootGroup;
			path = PopmartUITests;
			sourceTree = "<group>";
		};
/* End PBXFileSystemSynchronizedRootGroup section */

/* Begin PBXFrameworksBuildPhase section */
		4F03A48F2DE8A0EE00D98EDF /* Frameworks */ = {
			isa = PBXFrameworksBuildPhase;
			buildActionMask = 2147483647;
			files = (
			);
			runOnlyForDeploymentPostprocessing = 0;
		};
		4F03A49C2DE8A0EF00D98EDF /* Frameworks */ = {
			isa = PBXFrameworksBuildPhase;
			buildActionMask = 2147483647;
			files = (
			);
			runOnlyForDeploymentPostprocessing = 0;
		};
		4F03A4A62DE8A0EF00D98EDF /* Frameworks */ = {
			isa = PBXFrameworksBuildPhase;
			buildActionMask = 2147483647;
			files = (
			);
			runOnlyForDeploymentPostprocessing = 0;
		};
/* End PBXFrameworksBuildPhase section */

/* Begin PBXGroup section */
		4F03A4892DE8A0EE00D98EDF = {
			isa = PBXGroup;
			children = (
				4F03A4942DE8A0EE00D98EDF /* Popmart */,
				4F03A4A22DE8A0EF00D98EDF /* PopmartTests */,
				4F03A4AC2DE8A0EF00D98EDF /* PopmartUITests */,
				4F03A4932DE8A0EE00D98EDF /* Products */,
			);
			sourceTree = "<group>";
		};
		4F03A4932DE8A0EE00D98EDF /* Products */ = {
			isa = PBXGroup;
			children = (
				4F03A4922DE8A0EE00D98EDF /* Popmart.app */,
				4F03A49F2DE8A0EF00D98EDF /* PopmartTests.xctest */,
				4F03A4A92DE8A0EF00D98EDF /* PopmartUITests.xctest */,
			);
			name = Products;
			sourceTree = "<group>";
		};
/* End PBXGroup section */

/* Begin PBXNativeTarget section */
		4F03A4912DE8A0EE00D98EDF /* Popmart */ = {
			isa = PBXNativeTarget;
			buildConfigurationList = 4F03A4B32DE8A0EF00D98EDF /* Build configuration list for PBXNativeTarget "Popmart" */;
			buildPhases = (
				4F03A48E2DE8A0EE00D98EDF /* Sources */,
				4F03A48F2DE8A0EE00D98EDF /* Frameworks */,
				4F03A4902DE8A0EE00D98EDF /* Resources */,
			);
			buildRules = (
			);
			dependencies = (
			);
			fileSystemSynchronizedGroups = (
				4F03A4942DE8A0EE00D98EDF /* Popmart */,
			);
			name = Popmart;
			packageProductDependencies = (
			);
			productName = Popmart;
			productReference = 4F03A4922DE8A0EE00D98EDF /* Popmart.app */;
			productType = "com.apple.product-type.application";
		};
		4F03A49E2DE8A0EF00D98EDF /* PopmartTests */ = {
			isa = PBXNativeTarget;
			buildConfigurationList = 4F03A4B62DE8A0EF00D98EDF /* Build configuration list for PBXNativeTarget "PopmartTests" */;
			buildPhases = (
				4F03A49B2DE8A0EF00D98EDF /* Sources */,
				4F03A49C2DE8A0EF00D98EDF /* Frameworks */,
				4F03A49D2DE8A0EF00D98EDF /* Resources */,
			);
			buildRules = (
			);
			dependencies = (
				4F03A4A12DE8A0EF00D98EDF /* PBXTargetDependency */,
			);
			fileSystemSynchronizedGroups = (
				4F03A4A22DE8A0EF00D98EDF /* PopmartTests */,
			);
			name = PopmartTests;
			packageProductDependencies = (
			);
			productName = PopmartTests;
			productReference = 4F03A49F2DE8A0EF00D98EDF /* PopmartTests.xctest */;
			productType = "com.apple.product-type.bundle.unit-test";
		};
		4F03A4A82DE8A0EF00D98EDF /* PopmartUITests */ = {
			isa = PBXNativeTarget;
			buildConfigurationList = 4F03A4B92DE8A0EF00D98EDF /* Build configuration list for PBXNativeTarget "PopmartUITests" */;
			buildPhases = (
				4F03A4A52DE8A0EF00D98EDF /* Sources */,
				4F03A4A62DE8A0EF00D98EDF /* Frameworks */,
				4F03A4A72DE8A0EF00D98EDF /* Resources */,
			);
			buildRules = (
			);
			dependencies = (
				4F03A4AB2DE8A0EF00D98EDF /* PBXTargetDependency */,
			);
			fileSystemSynchronizedGroups = (
				4F03A4AC2DE8A0EF00D98EDF /* PopmartUITests */,
			);
			name = PopmartUITests;
			packageProductDependencies = (
			);
			productName = PopmartUITests;
			productReference = 4F03A4A92DE8A0EF00D98EDF /* PopmartUITests.xctest */;
			productType = "com.apple.product-type.bundle.ui-testing";
		};
/* End PBXNativeTarget section */

/* Begin PBXProject section */
		4F03A48A2DE8A0EE00D98EDF /* Project object */ = {
			isa = PBXProject;
			attributes = {
				BuildIndependentTargetsInParallel = 1;
				LastSwiftUpdateCheck = 1640;
				LastUpgradeCheck = 1640;
				TargetAttributes = {
					4F03A4912DE8A0EE00D98EDF = {
						CreatedOnToolsVersion = 16.4;
					};
					4F03A49E2DE8A0EF00D98EDF = {
						CreatedOnToolsVersion = 16.4;
						TestTargetID = 4F03A4912DE8A0EE00D98EDF;
					};
					4F03A4A82DE8A0EF00D98EDF = {
						CreatedOnToolsVersion = 16.4;
						TestTargetID = 4F03A4912DE8A0EE00D98EDF;
					};
				};
			};
			buildConfigurationList = 4F03A48D2DE8A0EE00D98EDF /* Build configuration list for PBXProject "Popmart" */;
			developmentRegion = en;
			hasScannedForEncodings = 0;
			knownRegions = (
				en,
				Base,
			);
			mainGroup = 4F03A4892DE8A0EE00D98EDF;
			minimizedProjectReferenceProxies = 1;
			preferredProjectObjectVersion = 77;
			productRefGroup = 4F03A4932DE8A0EE00D98EDF /* Products */;
			projectDirPath = "";
			projectRoot = "";
			targets = (
				4F03A4912DE8A0EE00D98EDF /* Popmart */,
				4F03A49E2DE8A0EF00D98EDF /* PopmartTests */,
				4F03A4A82DE8A0EF00D98EDF /* PopmartUITests */,
			);
		};
/* End PBXProject section */

/* Begin PBXResourcesBuildPhase section */
		4F03A4902DE8A0EE00D98EDF /* Resources */ = {
			isa = PBXResourcesBuildPhase;
			buildActionMask = 2147483647;
			files = (
			);
			runOnlyForDeploymentPostprocessing = 0;
		};
		4F03A49D2DE8A0EF00D98EDF /* Resources */ = {
			isa = PBXResourcesBuildPhase;
			buildActionMask = 2147483647;
			files = (
			);
			runOnlyForDeploymentPostprocessing = 0;
		};
		4F03A4A72DE8A0EF00D98EDF /* Resources */ = {
			isa = PBXResourcesBuildPhase;
			buildActionMask = 2147483647;
			files = (
			);
			runOnlyForDeploymentPostprocessing = 0;
		};
/* End PBXResourcesBuildPhase section */

/* Begin PBXSourcesBuildPhase section */
		4F03A48E2DE8A0EE00D98EDF /* Sources */ = {
			isa = PBXSourcesBuildPhase;
			buildActionMask = 2147483647;
			files = (
			);
			runOnlyForDeploymentPostprocessing = 0;
		};
		4F03A49B2DE8A0EF00D98EDF /* Sources */ = {
			isa = PBXSourcesBuildPhase;
			buildActionMask = 2147483647;
			files = (
			);
			runOnlyForDeploymentPostprocessing = 0;
		};
		4F03A4A52DE8A0EF00D98EDF /* Sources */ = {
			isa = PBXSourcesBuildPhase;
			buildActionMask = 2147483647;
			files = (
			);
			runOnlyForDeploymentPostprocessing = 0;
		};
/* End PBXSourcesBuildPhase section */

/* Begin PBXTargetDependency section */
		4F03A4A12DE8A0EF00D98EDF /* PBXTargetDependency */ = {
			isa = PBXTargetDependency;
			target = 4F03A4912DE8A0EE00D98EDF /* Popmart */;
			targetProxy = 4F03A4A02DE8A0EF00D98EDF /* PBXContainerItemProxy */;
		};
		4F03A4AB2DE8A0EF00D98EDF /* PBXTargetDependency */ = {
			isa = PBXTargetDependency;
			target = 4F03A4912DE8A0EE00D98EDF /* Popmart */;
			targetProxy = 4F03A4AA2DE8A0EF00D98EDF /* PBXContainerItemProxy */;
		};
/* End PBXTargetDependency section */

/* Begin XCBuildConfiguration section */
		4F03A4B12DE8A0EF00D98EDF /* Debug */ = {
			isa = XCBuildConfiguration;
			buildSettings = {
				ALWAYS_SEARCH_USER_PATHS = NO;
				ASSETCATALOG_COMPILER_GENERATE_SWIFT_ASSET_SYMBOL_EXTENSIONS = YES;
				CLANG_ANALYZER_NONNULL = YES;
				CLANG_ANALYZER_NUMBER_OBJECT_CONVERSION = YES_AGGRESSIVE;
				CLANG_CXX_LANGUAGE_STANDARD = "gnu++20";
				CLANG_ENABLE_MODULES = YES;
				CLANG_ENABLE_OBJC_ARC = YES;
				CLANG_ENABLE_OBJC_WEAK = YES;
				CLANG_WARN_BLOCK_CAPTURE_AUTORELEASING = YES;
				CLANG_WARN_BOOL_CONVERSION = YES;
				CLANG_WARN_COMMA = YES;
				CLANG_WARN_CONSTANT_CONVERSION = YES;
				CLANG_WARN_DEPRECATED_OBJC_IMPLEMENTATIONS = YES;
				CLANG_WARN_DIRECT_OBJC_ISA_USAGE = YES_ERROR;
				CLANG_WARN_DOCUMENTATION_COMMENTS = YES;
				CLANG_WARN_EMPTY_BODY = YES;
				CLANG_WARN_ENUM_CONVERSION = YES;
				CLANG_WARN_INFINITE_RECURSION = YES;
				CLANG_WARN_INT_CONVERSION = YES;
				CLANG_WARN_NON_LITERAL_NULL_CONVERSION = YES;
				CLANG_WARN_OBJC_IMPLICIT_RETAIN_SELF = YES;
				CLANG_WARN_OBJC_LITERAL_CONVERSION = YES;
				CLANG_WARN_OBJC_ROOT_CLASS = YES_ERROR;
				CLANG_WARN_QUOTED_INCLUDE_IN_FRAMEWORK_HEADER = YES;
				CLANG_WARN_RANGE_LOOP_ANALYSIS = YES;
				CLANG_WARN_STRICT_PROTOTYPES = YES;
				CLANG_WARN_SUSPICIOUS_MOVE = YES;
				CLANG_WARN_UNGUARDED_AVAILABILITY = YES_AGGRESSIVE;
				CLANG_WARN_UNREACHABLE_CODE = YES;
				CLANG_WARN__DUPLICATE_METHOD_MATCH = YES;
				COPY_PHASE_STRIP = NO;
				DEBUG_INFORMATION_FORMAT = dwarf;
				DEVELOPMENT_TEAM = 567SK733UN;
				ENABLE_STRICT_OBJC_MSGSEND = YES;
				ENABLE_TESTABILITY = YES;
				ENABLE_USER_SCRIPT_SANDBOXING = YES;
				GCC_C_LANGUAGE_STANDARD = gnu17;
				GCC_DYNAMIC_NO_PIC = NO;
				GCC_NO_COMMON_BLOCKS = YES;
				GCC_OPTIMIZATION_LEVEL = 0;
				GCC_PREPROCESSOR_DEFINITIONS = (
					"DEBUG=1",
					"$(inherited)",
				);
				GCC_WARN_64_TO_32_BIT_CONVERSION = YES;
				GCC_WARN_ABOUT_RETURN_TYPE = YES_ERROR;
				GCC_WARN_UNDECLARED_SELECTOR = YES;
				GCC_WARN_UNINITIALIZED_AUTOS = YES_AGGRESSIVE;
				GCC_WARN_UNUSED_FUNCTION = YES;
				GCC_WARN_UNUSED_VARIABLE = YES;
				IPHONEOS_DEPLOYMENT_TARGET = 18.5;
				LOCALIZATION_PREFERS_STRING_CATALOGS = YES;
				MTL_ENABLE_DEBUG_INFO = INCLUDE_SOURCE;
				MTL_FAST_MATH = YES;
				ONLY_ACTIVE_ARCH = YES;
				SDKROOT = iphoneos;
				SWIFT_ACTIVE_COMPILATION_CONDITIONS = "DEBUG $(inherited)";
				SWIFT_OPTIMIZATION_LEVEL = "-Onone";
			};
			name = Debug;
		};
		4F03A4B22DE8A0EF00D98EDF /* Release */ = {
			isa = XCBuildConfiguration;
			buildSettings = {
				ALWAYS_SEARCH_USER_PATHS = NO;
				ASSETCATALOG_COMPILER_GENERATE_SWIFT_ASSET_SYMBOL_EXTENSIONS = YES;
				CLANG_ANALYZER_NONNULL = YES;
				CLANG_ANALYZER_NUMBER_OBJECT_CONVERSION = YES_AGGRESSIVE;
				CLANG_CXX_LANGUAGE_STANDARD = "gnu++20";
				CLANG_ENABLE_MODULES = YES;
				CLANG_ENABLE_OBJC_ARC = YES;
				CLANG_ENABLE_OBJC_WEAK = YES;
				CLANG_WARN_BLOCK_CAPTURE_AUTORELEASING = YES;
				CLANG_WARN_BOOL_CONVERSION = YES;
				CLANG_WARN_COMMA = YES;
				CLANG_WARN_CONSTANT_CONVERSION = YES;
				CLANG_WARN_DEPRECATED_OBJC_IMPLEMENTATIONS = YES;
				CLANG_WARN_DIRECT_OBJC_ISA_USAGE = YES_ERROR;
				CLANG_WARN_DOCUMENTATION_COMMENTS = YES;
				CLANG_WARN_EMPTY_BODY = YES;
				CLANG_WARN_ENUM_CONVERSION = YES;
				CLANG_WARN_INFINITE_RECURSION = YES;
				CLANG_WARN_INT_CONVERSION = YES;
				CLANG_WARN_NON_LITERAL_NULL_CONVERSION = YES;
				CLANG_WARN_OBJC_IMPLICIT_RETAIN_SELF = YES;
				CLANG_WARN_OBJC_LITERAL_CONVERSION = YES;
				CLANG_WARN_OBJC_ROOT_CLASS = YES_ERROR;
				CLANG_WARN_QUOTED_INCLUDE_IN_FRAMEWORK_HEADER = YES;
				CLANG_WARN_RANGE_LOOP_ANALYSIS = YES;
				CLANG_WARN_STRICT_PROTOTYPES = YES;
				CLANG_WARN_SUSPICIOUS_MOVE = YES;
				CLANG_WARN_UNGUARDED_AVAILABILITY = YES_AGGRESSIVE;
				CLANG_WARN_UNREACHABLE_CODE = YES;
				CLANG_WARN__DUPLICATE_METHOD_MATCH = YES;
				COPY_PHASE_STRIP = NO;
				DEBUG_INFORMATION_FORMAT = "dwarf-with-dsym";
				DEVELOPMENT_TEAM = 567SK733UN;
				ENABLE_NS_ASSERTIONS = NO;
				ENABLE_STRICT_OBJC_MSGSEND = YES;
				ENABLE_USER_SCRIPT_SANDBOXING = YES;
				GCC_C_LANGUAGE_STANDARD = gnu17;
				GCC_NO_COMMON_BLOCKS = YES;
				GCC_WARN_64_TO_32_BIT_CONVERSION = YES;
				GCC_WARN_ABOUT_RETURN_TYPE = YES_ERROR;
				GCC_WARN_UNDECLARED_SELECTOR = YES;
				GCC_WARN_UNINITIALIZED_AUTOS = YES_AGGRESSIVE;
				GCC_WARN_UNUSED_FUNCTION = YES;
				GCC_WARN_UNUSED_VARIABLE = YES;
				IPHONEOS_DEPLOYMENT_TARGET = 18.5;
				LOCALIZATION_PREFERS_STRING_CATALOGS = YES;
				MTL_ENABLE_DEBUG_INFO = NO;
				MTL_FAST_MATH = YES;
				SDKROOT = iphoneos;
				SWIFT_COMPILATION_MODE = wholemodule;
				VALIDATE_PRODUCT = YES;
			};
			name = Release;
		};
		4F03A4B42DE8A0EF00D98EDF /* Debug */ = {
			isa = XCBuildConfiguration;
			buildSettings = {
				ASSETCATALOG_COMPILER_APPICON_NAME = AppIcon;
				ASSETCATALOG_COMPILER_GLOBAL_ACCENT_COLOR_NAME = AccentColor;
				CODE_SIGN_STYLE = Automatic;
				CURRENT_PROJECT_VERSION = 1;
				DEVELOPMENT_TEAM = 567SK733UN;
				ENABLE_PREVIEWS = YES;
				GENERATE_INFOPLIST_FILE = YES;
				INFOPLIST_KEY_UIApplicationSceneManifest_Generation = YES;
				INFOPLIST_KEY_UIApplicationSupportsIndirectInputEvents = YES;
				INFOPLIST_KEY_UILaunchScreen_Generation = YES;
				INFOPLIST_KEY_UISupportedInterfaceOrientations_iPad = "UIInterfaceOrientationPortrait UIInterfaceOrientationPortraitUpsideDown UIInterfaceOrientationLandscapeLeft UIInterfaceOrientationLandscapeRight";
				INFOPLIST_KEY_UISupportedInterfaceOrientations_iPhone = "UIInterfaceOrientationPortrait UIInterfaceOrientationLandscapeLeft UIInterfaceOrientationLandscapeRight";
				LD_RUNPATH_SEARCH_PATHS = (
					"$(inherited)",
					"@executable_path/Frameworks",
				);
				MARKETING_VERSION = 1.0;
				PRODUCT_BUNDLE_IDENTIFIER = HT.Popmart;
				PRODUCT_NAME = "$(TARGET_NAME)";
				SWIFT_EMIT_LOC_STRINGS = YES;
				SWIFT_VERSION = 5.0;
				TARGETED_DEVICE_FAMILY = "1,2";
			};
			name = Debug;
		};
		4F03A4B52DE8A0EF00D98EDF /* Release */ = {
			isa = XCBuildConfiguration;
			buildSettings = {
				ASSETCATALOG_COMPILER_APPICON_NAME = AppIcon;
				ASSETCATALOG_COMPILER_GLOBAL_ACCENT_COLOR_NAME = AccentColor;
				CODE_SIGN_STYLE = Automatic;
				CURRENT_PROJECT_VERSION = 1;
				DEVELOPMENT_TEAM = 567SK733UN;
				ENABLE_PREVIEWS = YES;
				GENERATE_INFOPLIST_FILE = YES;
				INFOPLIST_KEY_UIApplicationSceneManifest_Generation = YES;
				INFOPLIST_KEY_UIApplicationSupportsIndirectInputEvents = YES;
				INFOPLIST_KEY_UILaunchScreen_Generation = YES;
				INFOPLIST_KEY_UISupportedInterfaceOrientations_iPad = "UIInterfaceOrientationPortrait UIInterfaceOrientationPortraitUpsideDown UIInterfaceOrientationLandscapeLeft UIInterfaceOrientationLandscapeRight";
				INFOPLIST_KEY_UISupportedInterfaceOrientations_iPhone = "UIInterfaceOrientationPortrait UIInterfaceOrientationLandscapeLeft UIInterfaceOrientationLandscapeRight";
				LD_RUNPATH_SEARCH_PATHS = (
					"$(inherited)",
					"@executable_path/Frameworks",
				);
				MARKETING_VERSION = 1.0;
				PRODUCT_BUNDLE_IDENTIFIER = HT.Popmart;
				PRODUCT_NAME = "$(TARGET_NAME)";
				SWIFT_EMIT_LOC_STRINGS = YES;
				SWIFT_VERSION = 5.0;
				TARGETED_DEVICE_FAMILY = "1,2";
			};
			name = Release;
		};
		4F03A4B72DE8A0EF00D98EDF /* Debug */ = {
			isa = XCBuildConfiguration;
			buildSettings = {
				BUNDLE_LOADER = "$(TEST_HOST)";
				CODE_SIGN_STYLE = Automatic;
				CURRENT_PROJECT_VERSION = 1;
				DEVELOPMENT_TEAM = 567SK733UN;
				GENERATE_INFOPLIST_FILE = YES;
				IPHONEOS_DEPLOYMENT_TARGET = 18.5;
				MARKETING_VERSION = 1.0;
				PRODUCT_BUNDLE_IDENTIFIER = HT.PopmartTests;
				PRODUCT_NAME = "$(TARGET_NAME)";
				SWIFT_EMIT_LOC_STRINGS = NO;
				SWIFT_VERSION = 5.0;
				TARGETED_DEVICE_FAMILY = "1,2";
				TEST_HOST = "$(BUILT_PRODUCTS_DIR)/Popmart.app/$(BUNDLE_EXECUTABLE_FOLDER_PATH)/Popmart";
			};
			name = Debug;
		};
		4F03A4B82DE8A0EF00D98EDF /* Release */ = {
			isa = XCBuildConfiguration;
			buildSettings = {
				BUNDLE_LOADER = "$(TEST_HOST)";
				CODE_SIGN_STYLE = Automatic;
				CURRENT_PROJECT_VERSION = 1;
				DEVELOPMENT_TEAM = 567SK733UN;
				GENERATE_INFOPLIST_FILE = YES;
				IPHONEOS_DEPLOYMENT_TARGET = 18.5;
				MARKETING_VERSION = 1.0;
				PRODUCT_BUNDLE_IDENTIFIER = HT.PopmartTests;
				PRODUCT_NAME = "$(TARGET_NAME)";
				SWIFT_EMIT_LOC_STRINGS = NO;
				SWIFT_VERSION = 5.0;
				TARGETED_DEVICE_FAMILY = "1,2";
				TEST_HOST = "$(BUILT_PRODUCTS_DIR)/Popmart.app/$(BUNDLE_EXECUTABLE_FOLDER_PATH)/Popmart";
			};
			name = Release;
		};
		4F03A4BA2DE8A0EF00D98EDF /* Debug */ = {
			isa = XCBuildConfiguration;
			buildSettings = {
				CODE_SIGN_STYLE = Automatic;
				CURRENT_PROJECT_VERSION = 1;
				DEVELOPMENT_TEAM = 567SK733UN;
				GENERATE_INFOPLIST_FILE = YES;
				MARKETING_VERSION = 1.0;
				PRODUCT_BUNDLE_IDENTIFIER = HT.PopmartUITests;
				PRODUCT_NAME = "$(TARGET_NAME)";
				SWIFT_EMIT_LOC_STRINGS = NO;
				SWIFT_VERSION = 5.0;
				TARGETED_DEVICE_FAMILY = "1,2";
				TEST_TARGET_NAME = Popmart;
			};
			name = Debug;
		};
		4F03A4BB2DE8A0EF00D98EDF /* Release */ = {
			isa = XCBuildConfiguration;
			buildSettings = {
				CODE_SIGN_STYLE = Automatic;
				CURRENT_PROJECT_VERSION = 1;
				DEVELOPMENT_TEAM = 567SK733UN;
				GENERATE_INFOPLIST_FILE = YES;
				MARKETING_VERSION = 1.0;
				PRODUCT_BUNDLE_IDENTIFIER = HT.PopmartUITests;
				PRODUCT_NAME = "$(TARGET_NAME)";
				SWIFT_EMIT_LOC_STRINGS = NO;
				SWIFT_VERSION = 5.0;
				TARGETED_DEVICE_FAMILY = "1,2";
				TEST_TARGET_NAME = Popmart;
			};
			name = Release;
		};
/* End XCBuildConfiguration section */

/* Begin XCConfigurationList section */
		4F03A48D2DE8A0EE00D98EDF /* Build configuration list for PBXProject "Popmart" */ = {
			isa = XCConfigurationList;
			buildConfigurations = (
				4F03A4B12DE8A0EF00D98EDF /* Debug */,
				4F03A4B22DE8A0EF00D98EDF /* Release */,
			);
			defaultConfigurationIsVisible = 0;
			defaultConfigurationName = Release;
		};
		4F03A4B32DE8A0EF00D98EDF /* Build configuration list for PBXNativeTarget "Popmart" */ = {
			isa = XCConfigurationList;
			buildConfigurations = (
				4F03A4B42DE8A0EF00D98EDF /* Debug */,
				4F03A4B52DE8A0EF00D98EDF /* Release */,
			);
			defaultConfigurationIsVisible = 0;
			defaultConfigurationName = Release;
		};
		4F03A4B62DE8A0EF00D98EDF /* Build configuration list for PBXNativeTarget "PopmartTests" */ = {
			isa = XCConfigurationList;
			buildConfigurations = (
				4F03A4B72DE8A0EF00D98EDF /* Debug */,
				4F03A4B82DE8A0EF00D98EDF /* Release */,
			);
			defaultConfigurationIsVisible = 0;
			defaultConfigurationName = Release;
		};
		4F03A4B92DE8A0EF00D98EDF /* Build configuration list for PBXNativeTarget "PopmartUITests" */ = {
			isa = XCConfigurationList;
			buildConfigurations = (
				4F03A4BA2DE8A0EF00D98EDF /* Debug */,
				4F03A4BB2DE8A0EF00D98EDF /* Release */,
			);
			defaultConfigurationIsVisible = 0;
			defaultConfigurationName = Release;
		};
/* End XCConfigurationList section */
	};
	rootObject = 4F03A48A2DE8A0EE00D98EDF /* Project object */;
}
